
Microsoft Visual Studio Solution File, Format Version 12.00
# Visual Studio 15
VisualStudioVersion = 15.0.27130.2010
MinimumVisualStudioVersion = 10.0.40219.1
Project("{FAE04EC0-301F-11D3-BF4B-00C04F79EFBC}") = "ECoinTracker", "ECoinTracker\ECoinTracker.csproj", "{9905175A-7C1E-44EF-83AB-C8920229A145}"
EndProject
Project("{FAE04EC0-301F-11D3-BF4B-00C04F79EFBC}") = "ECoinTackerFrontEnd", "ECoinTackerFrontEnd\ECoinTackerFrontEnd.csproj", "{FAF1807B-D043-42F3-AF5D-E701D2853319}"
EndProject
Project("{FAE04EC0-301F-11D3-BF4B-00C04F79EFBC}") = "ECoinTrackerModels", "ECoinTrackerModels\ECoinTrackerModels.csproj", "{44B2BA53-614E-45B3-98F7-3432F0CAED37}"
EndProject
Global
	GlobalSection(SolutionConfigurationPlatforms) = preSolution
		Debug|Any CPU = Debug|Any CPU
		Release|Any CPU = Release|Any CPU
	EndGlobalSection
	GlobalSection(ProjectConfigurationPlatforms) = postSolution
		{9905175A-7C1E-44EF-83AB-C8920229A145}.Debug|Any CPU.ActiveCfg = Debug|Any CPU
		{9905175A-7C1E-44EF-83AB-C8920229A145}.Debug|Any CPU.Build.0 = Debug|Any CPU
		{9905175A-7C1E-44EF-83AB-C8920229A145}.Release|Any CPU.ActiveCfg = Release|Any CPU
		{9905175A-7C1E-44EF-83AB-C8920229A145}.Release|Any CPU.Build.0 = Release|Any CPU
		{FAF1807B-D043-42F3-AF5D-E701D2853319}.Debug|Any CPU.ActiveCfg = Debug|Any CPU
		{FAF1807B-D043-42F3-AF5D-E701D2853319}.Debug|Any CPU.Build.0 = Debug|Any CPU
		{FAF1807B-D043-42F3-AF5D-E701D2853319}.Release|Any CPU.ActiveCfg = Release|Any CPU
		{FAF1807B-D043-42F3-AF5D-E701D2853319}.Release|Any CPU.Build.0 = Release|Any CPU
		{44B2BA53-614E-45B3-98F7-3432F0CAED37}.Debug|Any CPU.ActiveCfg = Debug|Any CPU
		{44B2BA53-614E-45B3-98F7-3432F0CAED37}.Debug|Any CPU.Build.0 = Debug|Any CPU
		{44B2BA53-614E-45B3-98F7-3432F0CAED37}.Release|Any CPU.ActiveCfg = Release|Any CPU
		{44B2BA53-614E-45B3-98F7-3432F0CAED37}.Release|Any CPU.Build.0 = Release|Any CPU
	EndGlobalSection
	GlobalSection(SolutionProperties) = preSolution
		HideSolutionNode = FALSE
	EndGlobalSection
	GlobalSection(ExtensibilityGlobals) = postSolution
		SolutionGuid = {D72AC823-63FD-4321-A942-0F6651E5702C}
	EndGlobalSection
EndGlobal
